<?xml version="1.0" encoding="utf-8"?>
<Project ToolsVersion="4.0" xmlns="http://schemas.microsoft.com/developer/msbuild/2003">
  <ItemGroup>
    <Filter Include="Source Files">
      <UniqueIdentifier>{4FC737F1-C7A5-4376-A066-2A32D752A2FF}</UniqueIdentifier>
      <Extensions>cpp;c;cc;cxx;c++;cppm;ixx;def;odl;idl;hpj;bat;asm;asmx</Extensions>
    </Filter>
    <Filter Include="Header Files">
      <UniqueIdentifier>{93995380-89BD-4b04-88EB-625FBE52EBFB}</UniqueIdentifier>
      <Extensions>h;hh;hpp;hxx;h++;hm;inl;inc;ipp;xsd</Extensions>
    </Filter>
    <Filter Include="Resource Files">
      <UniqueIdentifier>{67DA6AB6-F800-4c08-8B7A-83BB121AAD01}</UniqueIdentifier>
      <Extensions>rc;ico;cur;bmp;dlg;rc2;rct;bin;rgs;gif;jpg;jpeg;jpe;resx;tiff;tif;png;wav;mfcribbon-ms</Extensions>
    </Filter>
  </ItemGroup>
  <ItemGroup>
    <ClInclude Include="pch.h">
      <Filter>Header Files</Filter>
    </ClInclude>
    <ClInclude Include="ItaniumDemangle.h">
      <Filter>Header Files</Filter>
    </ClInclude>
    <ClInclude Include="ElfDebugInfo.h">
      <Filter>Header Files</Filter>
    </ClInclude>
    <ClInclude Include="EventManifest.h">
      <Filter>Header Files</Filter>
    </ClInclude>
    <ClInclude Include="InfSyntax.h">
      <Filter>Header Files</Filter>
    </ClInclude>
    <ClInclude Include="PEFile.h">
      <Filter>Header Files</Filter>
    </ClInclude>
    <ClInclude Include="AniFile.h">
      <Filter>Header Files</Filter>
    </ClInclude>
    <ClInclude Include="ApiSetMap.h">
      <Filter>Header Files</Filter>
    </ClInclude>
    <ClInclude Include="Authenticode.h">
      <Filter>Header Files</Filter>
    </ClInclude>
    <ClInclude Include="ClrMetadata.h">
      <Filter>Header Files</Filter>
    </ClInclude>
    <ClInclude Include="CodeAnalysis.h">
      <Filter>Header Files</Filter>
    </ClInclude>
    <ClInclude Include="CodeViewInfo.h">
      <Filter>Header Files</Filter>
    </ClInclude>
    <ClInclude Include="CoffObject.h">
      <Filter>Header Files</Filter>
    </ClInclude>
    <ClInclude Include="DialogTemplate.h">
      <Filter>Header Files</Filter>
    </ClInclude>
    <ClInclude Include="ElfFile.h">
      <Filter>Header Files</Filter>
    </ClInclude>
    <ClInclude Include="FileStrings.h">
      <Filter>Header Files</Filter>
    </ClInclude>
    <ClInclude Include="FlowGraph.h">
      <Filter>Header Files</Filter>
    </ClInclude>
    <ClInclude Include="GuardTables.h">
      <Filter>Header Files</Filter>
    </ClInclude>
    <ClInclude Include="HexFormat.h">
      <Filter>Header Files</Filter>
    </ClInclude>
    <ClInclude Include="HexNumber.h">
      <Filter>Header Files</Filter>
    </ClInclude>
    <ClInclude Include="HexSearch.h">
      <Filter>Header Files</Filter>
    </ClInclude>
    <ClInclude Include="ImphashOrdinals.h">
      <Filter>Header Files</Filter>
    </ClInclude>
    <ClInclude Include="ImportAnalysis.h">
      <Filter>Header Files</Filter>
    </ClInclude>
    <ClInclude Include="LibArchive.h">
      <Filter>Header Files</Filter>
    </ClInclude>
    <ClInclude Include="Md5.h">
      <Filter>Header Files</Filter>
    </ClInclude>
    <ClInclude Include="MenuTemplate.h">
      <Filter>Header Files</Filter>
    </ClInclude>
    <ClInclude Include="Overlay.h">
      <Filter>Header Files</Filter>
    </ClInclude>
    <ClInclude Include="PEAnomalies.h">
      <Filter>Header Files</Filter>
    </ClInclude>
    <ClInclude Include="PERegions.h">
      <Filter>Header Files</Filter>
    </ClInclude>
    <ClInclude Include="ResourceContent.h">
      <Filter>Header Files</Filter>
    </ClInclude>
    <ClInclude Include="SearchIndex.h">
      <Filter>Header Files</Filter>
    </ClInclude>
    <ClInclude Include="TypeLibText.h">
      <Filter>Header Files</Filter>
    </ClInclude>
    <ClInclude Include="UnwindInfo.h">
      <Filter>Header Files</Filter>
    </ClInclude>
    <ClInclude Include="VirusTotal.h">
      <Filter>Header Files</Filter>
    </ClInclude>
    <ClInclude Include="PEStrings.h">
      <Filter>Header Files</Filter>
    </ClInclude>
    <ClInclude Include="PEDiff.h">
      <Filter>Header Files</Filter>
    </ClInclude>
    <ClInclude Include="VersionInfo.h">
      <Filter>Header Files</Filter>
    </ClInclude>
  </ItemGroup>
  <ItemGroup>
    <ClCompile Include="PECore.cpp">
      <Filter>Source Files</Filter>
    </ClCompile>
    <ClCompile Include="pch.cpp">
      <Filter>Source Files</Filter>
    </ClCompile>
    <ClCompile Include="ItaniumDemangle.cpp">
      <Filter>Source Files</Filter>
    </ClCompile>
    <ClCompile Include="ElfDebugInfo.cpp">
      <Filter>Source Files</Filter>
    </ClCompile>
    <ClCompile Include="EventManifest.cpp">
      <Filter>Source Files</Filter>
    </ClCompile>
    <ClCompile Include="InfSyntax.cpp">
      <Filter>Source Files</Filter>
    </ClCompile>
    <ClCompile Include="PEFile.cpp">
      <Filter>Source Files</Filter>
    </ClCompile>
    <ClCompile Include="AniFile.cpp">
      <Filter>Source Files</Filter>
    </ClCompile>
    <ClCompile Include="ApiSetMap.cpp">
      <Filter>Source Files</Filter>
    </ClCompile>
    <ClCompile Include="Authenticode.cpp">
      <Filter>Source Files</Filter>
    </ClCompile>
    <ClCompile Include="ClrMetadata.cpp">
      <Filter>Source Files</Filter>
    </ClCompile>
    <ClCompile Include="CodeAnalysis.cpp">
      <Filter>Source Files</Filter>
    </ClCompile>
    <ClCompile Include="CodeViewInfo.cpp">
      <Filter>Source Files</Filter>
    </ClCompile>
    <ClCompile Include="CoffObject.cpp">
      <Filter>Source Files</Filter>
    </ClCompile>
    <ClCompile Include="DialogTemplate.cpp">
      <Filter>Source Files</Filter>
    </ClCompile>
    <ClCompile Include="ElfFile.cpp">
      <Filter>Source Files</Filter>
    </ClCompile>
    <ClCompile Include="FileStrings.cpp">
      <Filter>Source Files</Filter>
    </ClCompile>
    <ClCompile Include="FlowGraph.cpp">
      <Filter>Source Files</Filter>
    </ClCompile>
    <ClCompile Include="GuardTables.cpp">
      <Filter>Source Files</Filter>
    </ClCompile>
    <ClCompile Include="HexFormat.cpp">
      <Filter>Source Files</Filter>
    </ClCompile>
    <ClCompile Include="HexNumber.cpp">
      <Filter>Source Files</Filter>
    </ClCompile>
    <ClCompile Include="HexSearch.cpp">
      <Filter>Source Files</Filter>
    </ClCompile>
    <ClCompile Include="ImphashOrdinals.cpp">
      <Filter>Source Files</Filter>
    </ClCompile>
    <ClCompile Include="ImportAnalysis.cpp">
      <Filter>Source Files</Filter>
    </ClCompile>
    <ClCompile Include="LibArchive.cpp">
      <Filter>Source Files</Filter>
    </ClCompile>
    <ClCompile Include="Md5.cpp">
      <Filter>Source Files</Filter>
    </ClCompile>
    <ClCompile Include="MenuTemplate.cpp">
      <Filter>Source Files</Filter>
    </ClCompile>
    <ClCompile Include="Overlay.cpp">
      <Filter>Source Files</Filter>
    </ClCompile>
    <ClCompile Include="PEAnomalies.cpp">
      <Filter>Source Files</Filter>
    </ClCompile>
    <ClCompile Include="PERegions.cpp">
      <Filter>Source Files</Filter>
    </ClCompile>
    <ClCompile Include="ResourceContent.cpp">
      <Filter>Source Files</Filter>
    </ClCompile>
    <ClCompile Include="SearchIndex.cpp">
      <Filter>Source Files</Filter>
    </ClCompile>
    <ClCompile Include="TypeLibText.cpp">
      <Filter>Source Files</Filter>
    </ClCompile>
    <ClCompile Include="UnwindInfo.cpp">
      <Filter>Source Files</Filter>
    </ClCompile>
    <ClCompile Include="VirusTotal.cpp">
      <Filter>Source Files</Filter>
    </ClCompile>
    <ClCompile Include="PEStrings.cpp">
      <Filter>Source Files</Filter>
    </ClCompile>
    <ClCompile Include="PEDiff.cpp">
      <Filter>Source Files</Filter>
    </ClCompile>
    <ClCompile Include="VersionInfo.cpp">
      <Filter>Source Files</Filter>
    </ClCompile>
  </ItemGroup>
</Project>